
Microsoft Visual Studio Solution File, Format Version 12.00
# Visual Studio Version 17
VisualStudioVersion = 17.0.31903.59
MinimumVisualStudioVersion = 10.0.40219.1
Project("{FAE04EC0-301F-11D3-BF4B-00C04F79EFBC}") = "VrcxCompanion.Core", "VrcxCompanion.Core\VrcxCompanion.Core.csproj", "{BE1A2DF2-069B-4D6A-AC7B-01DE7D1A076A}"
EndProject
Project("{FAE04EC0-301F-11D3-BF4B-00C04F79EFBC}") = "VrcxCompanion", "VrcxCompanion\VrcxCompanion.csproj", "{2D418CF7-5C8C-4331-A294-E3F86FA14644}"
EndProject
Project("{FAE04EC0-301F-11D3-BF4B-00C04F79EFBC}") = "VrcxCompanion.Tests", "VrcxCompanion.Tests\VrcxCompanion.Tests.csproj", "{0CC4A5F9-95F3-4469-BFC2-7D7E3C55FA57}"
EndProject
Global
	GlobalSection(SolutionConfigurationPlatforms) = preSolution
		Debug|Any CPU = Debug|Any CPU
		Debug|x64 = Debug|x64
		Debug|x86 = Debug|x86
		Release|Any CPU = Release|Any CPU
		Release|x64 = Release|x64
		Release|x86 = Release|x86
	EndGlobalSection
	GlobalSection(ProjectConfigurationPlatforms) = postSolution
		{BE1A2DF2-069B-4D6A-AC7B-01DE7D1A076A}.Debug|Any CPU.ActiveCfg = Debug|Any CPU
		{BE1A2DF2-069B-4D6A-AC7B-01DE7D1A076A}.Debug|Any CPU.Build.0 = Debug|Any CPU
		{BE1A2DF2-069B-4D6A-AC7B-01DE7D1A076A}.Debug|x64.ActiveCfg = Debug|Any CPU
		{BE1A2DF2-069B-4D6A-AC7B-01DE7D1A076A}.Debug|x64.Build.0 = Debug|Any CPU
		{BE1A2DF2-069B-4D6A-AC7B-01DE7D1A076A}.Debug|x86.ActiveCfg = Debug|Any CPU
		{BE1A2DF2-069B-4D6A-AC7B-01DE7D1A076A}.Debug|x86.Build.0 = Debug|Any CPU
		{BE1A2DF2-069B-4D6A-AC7B-01DE7D1A076A}.Release|Any CPU.ActiveCfg = Release|Any CPU
		{BE1A2DF2-069B-4D6A-AC7B-01DE7D1A076A}.Release|Any CPU.Build.0 = Release|Any CPU
		{BE1A2DF2-069B-4D6A-AC7B-01DE7D1A076A}.Release|x64.ActiveCfg = Release|Any CPU
		{BE1A2DF2-069B-4D6A-AC7B-01DE7D1A076A}.Release|x64.Build.0 = Release|Any CPU
		{BE1A2DF2-069B-4D6A-AC7B-01DE7D1A076A}.Release|x86.ActiveCfg = Release|Any CPU
		{BE1A2DF2-069B-4D6A-AC7B-01DE7D1A076A}.Release|x86.Build.0 = Release|Any CPU
		{2D418CF7-5C8C-4331-A294-E3F86FA14644}.Debug|Any CPU.ActiveCfg = Debug|Any CPU
		{2D418CF7-5C8C-4331-A294-E3F86FA14644}.Debug|Any CPU.Build.0 = Debug|Any CPU
		{2D418CF7-5C8C-4331-A294-E3F86FA14644}.Debug|x64.ActiveCfg = Debug|Any CPU
		{2D418CF7-5C8C-4331-A294-E3F86FA14644}.Debug|x64.Build.0 = Debug|Any CPU
		{2D418CF7-5C8C-4331-A294-E3F86FA14644}.Debug|x86.ActiveCfg = Debug|Any CPU
		{2D418CF7-5C8C-4331-A294-E3F86FA14644}.Debug|x86.Build.0 = Debug|Any CPU
		{2D418CF7-5C8C-4331-A294-E3F86FA14644}.Release|Any CPU.ActiveCfg = Release|Any CPU
		{2D418CF7-5C8C-4331-A294-E3F86FA14644}.Release|Any CPU.Build.0 = Release|Any CPU
		{2D418CF7-5C8C-4331-A294-E3F86FA14644}.Release|x64.ActiveCfg = Release|Any CPU
		{2D418CF7-5C8C-4331-A294-E3F86FA14644}.Release|x64.Build.0 = Release|Any CPU
		{2D418CF7-5C8C-4331-A294-E3F86FA14644}.Release|x86.ActiveCfg = Release|Any CPU
		{2D418CF7-5C8C-4331-A294-E3F86FA14644}.Release|x86.Build.0 = Release|Any CPU
		{0CC4A5F9-95F3-4469-BFC2-7D7E3C55FA57}.Debug|Any CPU.ActiveCfg = Debug|Any CPU
		{0CC4A5F9-95F3-4469-BFC2-7D7E3C55FA57}.Debug|Any CPU.Build.0 = Debug|Any CPU
		{0CC4A5F9-95F3-4469-BFC2-7D7E3C55FA57}.Debug|x64.ActiveCfg = Debug|Any CPU
		{0CC4A5F9-95F3-4469-BFC2-7D7E3C55FA57}.Debug|x64.Build.0 = Debug|Any CPU
		{0CC4A5F9-95F3-4469-BFC2-7D7E3C55FA57}.Debug|x86.ActiveCfg = Debug|Any CPU
		{0CC4A5F9-95F3-4469-BFC2-7D7E3C55FA57}.Debug|x86.Build.0 = Debug|Any CPU
		{0CC4A5F9-95F3-4469-BFC2-7D7E3C55FA57}.Release|Any CPU.ActiveCfg = Release|Any CPU
		{0CC4A5F9-95F3-4469-BFC2-7D7E3C55FA57}.Release|Any CPU.Build.0 = Release|Any CPU
		{0CC4A5F9-95F3-4469-BFC2-7D7E3C55FA57}.Release|x64.ActiveCfg = Release|Any CPU
		{0CC4A5F9-95F3-4469-BFC2-7D7E3C55FA57}.Release|x64.Build.0 = Release|Any CPU
		{0CC4A5F9-95F3-4469-BFC2-7D7E3C55FA57}.Release|x86.ActiveCfg = Release|Any CPU
		{0CC4A5F9-95F3-4469-BFC2-7D7E3C55FA57}.Release|x86.Build.0 = Release|Any CPU
	EndGlobalSection
	GlobalSection(SolutionProperties) = preSolution
		HideSolutionNode = FALSE
	EndGlobalSection
EndGlobal
